
Microsoft Visual Studio Solution File, Format Version 12.00
# Visual Studio Version 16
VisualStudioVersion = 16.0.31205.134
MinimumVisualStudioVersion = 10.0.40219.1
Project("{9A19103F-16F7-4668-BE54-9A1E7A4F7556}") = "Template.API", "Template.API\Template.API.csproj", "{3979982F-23C3-489F-921B-435D8BC5B254}"
EndProject
Project("{9A19103F-16F7-4668-BE54-9A1E7A4F7556}") = "Template.Application", "Template.Application\Template.Application.csproj", "{EB3FE77C-44E2-4369-854A-4E02C032F6F7}"
EndProject
Project("{9A19103F-16F7-4668-BE54-9A1E7A4F7556}") = "Template.Domain", "Template.Domain\Template.Domain.csproj", "{786D756E-B53C-4117-B4E6-6241256C522E}"
EndProject
Project("{9A19103F-16F7-4668-BE54-9A1E7A4F7556}") = "Template.AccessData", "Template.AccessData\Template.AccessData.csproj", "{144F021A-7F91-4558-A4F3-5EE148B6C2C7}"
EndProject
Global
	GlobalSection(SolutionConfigurationPlatforms) = preSolution
		Debug|Any CPU = Debug|Any CPU
		Release|Any CPU = Release|Any CPU
	EndGlobalSection
	GlobalSection(ProjectConfigurationPlatforms) = postSolution
		{3979982F-23C3-489F-921B-435D8BC5B254}.Debug|Any CPU.ActiveCfg = Debug|Any CPU
		{3979982F-23C3-489F-921B-435D8BC5B254}.Debug|Any CPU.Build.0 = Debug|Any CPU
		{3979982F-23C3-489F-921B-435D8BC5B254}.Release|Any CPU.ActiveCfg = Release|Any CPU
		{3979982F-23C3-489F-921B-435D8BC5B254}.Release|Any CPU.Build.0 = Release|Any CPU
		{EB3FE77C-44E2-4369-854A-4E02C032F6F7}.Debug|Any CPU.ActiveCfg = Debug|Any CPU
		{EB3FE77C-44E2-4369-854A-4E02C032F6F7}.Debug|Any CPU.Build.0 = Debug|Any CPU
		{EB3FE77C-44E2-4369-854A-4E02C032F6F7}.Release|Any CPU.ActiveCfg = Release|Any CPU
		{EB3FE77C-44E2-4369-854A-4E02C032F6F7}.Release|Any CPU.Build.0 = Release|Any CPU
		{786D756E-B53C-4117-B4E6-6241256C522E}.Debug|Any CPU.ActiveCfg = Debug|Any CPU
		{786D756E-B53C-4117-B4E6-6241256C522E}.Debug|Any CPU.Build.0 = Debug|Any CPU
		{786D756E-B53C-4117-B4E6-6241256C522E}.Release|Any CPU.ActiveCfg = Release|Any CPU
		{786D756E-B53C-4117-B4E6-6241256C522E}.Release|Any CPU.Build.0 = Release|Any CPU
		{144F021A-7F91-4558-A4F3-5EE148B6C2C7}.Debug|Any CPU.ActiveCfg = Debug|Any CPU
		{144F021A-7F91-4558-A4F3-5EE148B6C2C7}.Debug|Any CPU.Build.0 = Debug|Any CPU
		{144F021A-7F91-4558-A4F3-5EE148B6C2C7}.Release|Any CPU.ActiveCfg = Release|Any CPU
		{144F021A-7F91-4558-A4F3-5EE148B6C2C7}.Release|Any CPU.Build.0 = Release|Any CPU
	EndGlobalSection
	GlobalSection(SolutionProperties) = preSolution
		HideSolutionNode = FALSE
	EndGlobalSection
	GlobalSection(ExtensibilityGlobals) = postSolution
		SolutionGuid = {B64C73D4-4B1F-45A9-912B-8A13F0D12AFC}
	EndGlobalSection
EndGlobal
